
Microsoft Visual Studio Solution File, Format Version 12.00
# Visual Studio Version 16
VisualStudioVersion = 16.0.32802.440
MinimumVisualStudioVersion = 10.0.40219.1
Project("{FAE04EC0-301F-11D3-BF4B-00C04F79EFBC}") = "Tic Tac Toe", "Tic Tac Toe\Tic Tac Toe.csproj", "{FDBC7D91-A0A9-4D16-A8EE-142C549E345F}"
EndProject
Global
	GlobalSection(SolutionConfigurationPlatforms) = preSolution
		Debug|Any CPU = Debug|Any CPU
		Release|Any CPU = Release|Any CPU
	EndGlobalSection
	GlobalSection(ProjectConfigurationPlatforms) = postSolution
		{FDBC7D91-A0A9-4D16-A8EE-142C549E345F}.Debug|Any CPU.ActiveCfg = Debug|Any CPU
		{FDBC7D91-A0A9-4D16-A8EE-142C549E345F}.Debug|Any CPU.Build.0 = Debug|Any CPU
		{FDBC7D91-A0A9-4D16-A8EE-142C549E345F}.Release|Any CPU.ActiveCfg = Release|Any CPU
		{FDBC7D91-A0A9-4D16-A8EE-142C549E345F}.Release|Any CPU.Build.0 = Release|Any CPU
	EndGlobalSection
	GlobalSection(SolutionProperties) = preSolution
		HideSolutionNode = FALSE
	EndGlobalSection
	GlobalSection(ExtensibilityGlobals) = postSolution
		SolutionGuid = {09A62EB3-D0E9-48E6-A432-F57E73EA5DF7}
	EndGlobalSection
EndGlobal
